// !$*UTF8*$!
{
	archiveVersion = 1;
	classes = {
	};
	objectVersion = 46;
	objects = {

/* Begin PBXBuildFile section */
		70217D9F1BC0D47C001A4DE6 /* Makefile in Sources */ = {isa = PBXBuildFile; fileRef = 70217D9E1BC0D47C001A4DE6 /* Makefile */; settings = {ASSET_TAGS = (); }; };
		70803CB31BB9C90700D5E79A /* main.cpp in Sources */ = {isa = PBXBuildFile; fileRef = 70803CB21BB9C90700D5E79A /* main.cpp */; };
		70803CBD1BB9FD0D00D5E79A /* producerFunctions.cpp in Sources */ = {isa = PBXBuildFile; fileRef = 70803CBC1BB9FD0D00D5E79A /* producerFunctions.cpp */; settings = {ASSET_TAGS = (); }; };
		70803CC31BBA00EA00D5E79A /* consumerFunctions.cpp in Sources */ = {isa = PBXBuildFile; fileRef = 70803CC21BBA00EA00D5E79A /* consumerFunctions.cpp */; settings = {ASSET_TAGS = (); }; };
/* End PBXBuildFile section */

/* Begin PBXCopyFilesBuildPhase section */
		70803CAD1BB9C90700D5E79A /* CopyFiles */ = {
			isa = PBXCopyFilesBuildPhase;
			buildActionMask = 2147483647;
			dstPath = /usr/share/man/man1/;
			dstSubfolderSpec = 0;
			files = (
			);
			runOnlyForDeploymentPostprocessing = 1;
		};
/* End PBXCopyFilesBuildPhase section */

/* Begin PBXFileReference section */
		70217D9E1BC0D47C001A4DE6 /* Makefile */ = {isa = PBXFileReference; fileEncoding = 4; lastKnownFileType = sourcecode.make; path = Makefile; sourceTree = "<group>"; };
		70803CAF1BB9C90700D5E79A /* program */ = {isa = PBXFileReference; explicitFileType = "compiled.mach-o.executable"; includeInIndex = 0; path = program; sourceTree = BUILT_PRODUCTS_DIR; };
		70803CB21BB9C90700D5E79A /* main.cpp */ = {isa = PBXFileReference; lastKnownFileType = sourcecode.cpp.cpp; path = main.cpp; sourceTree = "<group>"; };
		70803CB91BB9DF4A00D5E79A /* dataStructures.h */ = {isa = PBXFileReference; lastKnownFileType = sourcecode.c.h; path = dataStructures.h; sourceTree = "<group>"; };
		70803CBA1BB9DFCE00D5E79A /* producerFunctions.h */ = {isa = PBXFileReference; lastKnownFileType = sourcecode.c.h; path = producerFunctions.h; sourceTree = "<group>"; };
		70803CBB1BB9DFE200D5E79A /* consumerFunctions.h */ = {isa = PBXFileReference; lastKnownFileType = sourcecode.c.h; path = consumerFunctions.h; sourceTree = "<group>"; };
		70803CBC1BB9FD0D00D5E79A /* producerFunctions.cpp */ = {isa = PBXFileReference; fileEncoding = 4; lastKnownFileType = sourcecode.cpp.cpp; path = producerFunctions.cpp; sourceTree = "<group>"; };
		70803CC21BBA00EA00D5E79A /* consumerFunctions.cpp */ = {isa = PBXFileReference; fileEncoding = 4; lastKnownFileType = sourcecode.cpp.cpp; path = consumerFunctions.cpp; sourceTree = "<group>"; };
/* End PBXFileReference section */

/* Begin PBXFrameworksBuildPhase section */
		70803CAC1BB9C90700D5E79A /* Frameworks */ = {
			isa = PBXFrameworksBuildPhase;
			buildActionMask = 2147483647;
			files = (
			);
			runOnlyForDeploymentPostprocessing = 0;
		};
/* End PBXFrameworksBuildPhase section */

/* Begin PBXGroup section */
		70803CA61BB9C90700D5E79A = {
			isa = PBXGroup;
			children = (
				70217D9E1BC0D47C001A4DE6 /* Makefile */,
				70803CB11BB9C90700D5E79A /* program */,
				70803CB01BB9C90700D5E79A /* Products */,
			);
			sourceTree = "<group>";
		};
		70803CB01BB9C90700D5E79A /* Products */ = {
			isa = PBXGroup;
			children = (
				70803CAF1BB9C90700D5E79A /* program */,
			);
			name = Products;
			sourceTree = "<group>";
		};
		70803CB11BB9C90700D5E79A /* program */ = {
			isa = PBXGroup;
			children = (
				70803CB91BB9DF4A00D5E79A /* dataStructures.h */,
				70803CBA1BB9DFCE00D5E79A /* producerFunctions.h */,
				70803CBB1BB9DFE200D5E79A /* consumerFunctions.h */,
				70803CBC1BB9FD0D00D5E79A /* producerFunctions.cpp */,
				70803CC21BBA00EA00D5E79A /* consumerFunctions.cpp */,
				70803CB21BB9C90700D5E79A /* main.cpp */,
			);
			path = program;
			sourceTree = "<group>";
		};
/* End PBXGroup section */

/* Begin PBXNativeTarget section */
		70803CAE1BB9C90700D5E79A /* program */ = {
			isa = PBXNativeTarget;
			buildConfigurationList = 70803CB61BB9C90700D5E79A /* Build configuration list for PBXNativeTarget "program" */;
			buildPhases = (
				70803CAB1BB9C90700D5E79A /* Sources */,
				70803CAC1BB9C90700D5E79A /* Frameworks */,
				70803CAD1BB9C90700D5E79A /* CopyFiles */,
			);
			buildRules = (
			);
			dependencies = (
			);
			name = program;
			productName = program;
			productReference = 70803CAF1BB9C90700D5E79A /* program */;
			productType = "com.apple.product-type.tool";
		};
/* End PBXNativeTarget section */

/* Begin PBXProject section */
		70803CA71BB9C90700D5E79A /* Project object */ = {
			isa = PBXProject;
			attributes = {
				LastUpgradeCheck = 0700;
				ORGANIZATIONNAME = "Hongyi Guo";
				TargetAttributes = {
					70803CAE1BB9C90700D5E79A = {
						CreatedOnToolsVersion = 7.0;
					};
				};
			};
			buildConfigurationList = 70803CAA1BB9C90700D5E79A /* Build configuration list for PBXProject "program" */;
			compatibilityVersion = "Xcode 3.2";
			developmentRegion = English;
			hasScannedForEncodings = 0;
			knownRegions = (
				en,
			);
			mainGroup = 70803CA61BB9C90700D5E79A;
			productRefGroup = 70803CB01BB9C90700D5E79A /* Products */;
			projectDirPath = "";
			projectRoot = "";
			targets = (
				70803CAE1BB9C90700D5E79A /* program */,
			);
		};
/* End PBXProject section */

/* Begin PBXSourcesBuildPhase section */
		70803CAB1BB9C90700D5E79A /* Sources */ = {
			isa = PBXSourcesBuildPhase;
			buildActionMask = 2147483647;
			files = (
				70803CC31BBA00EA00D5E79A /* consumerFunctions.cpp in Sources */,
				70803CB31BB9C90700D5E79A /* main.cpp in Sources */,
				70217D9F1BC0D47C001A4DE6 /* Makefile in Sources */,
				70803CBD1BB9FD0D00D5E79A /* producerFunctions.cpp in Sources */,
			);
			runOnlyForDeploymentPostprocessing = 0;
		};
/* End PBXSourcesBuildPhase section */

/* Begin XCBuildConfiguration section */
		70803CB41BB9C90700D5E79A /* Debug */ = {
			isa = XCBuildConfiguration;
			buildSettings = {
				ALWAYS_SEARCH_USER_PATHS = NO;
				CLANG_CXX_LANGUAGE_STANDARD = "gnu++0x";
				CLANG_CXX_LIBRARY = "libc++";
				CLANG_ENABLE_MODULES = YES;
				CLANG_ENABLE_OBJC_ARC = YES;
				CLANG_WARN_BOOL_CONVERSION = YES;
				CLANG_WARN_CONSTANT_CONVERSION = YES;
				CLANG_WARN_DIRECT_OBJC_ISA_USAGE = YES_ERROR;
				CLANG_WARN_EMPTY_BODY = YES;
				CLANG_WARN_ENUM_CONVERSION = YES;
				CLANG_WARN_INT_CONVERSION = YES;
				CLANG_WARN_OBJC_ROOT_CLASS = YES_ERROR;
				CLANG_WARN_UNREACHABLE_CODE = YES;
				CLANG_WARN__DUPLICATE_METHOD_MATCH = YES;
				COPY_PHASE_STRIP = NO;
				DEBUG_INFORMATION_FORMAT = dwarf;
				ENABLE_STRICT_OBJC_MSGSEND = YES;
				ENABLE_TESTABILITY = YES;
				GCC_C_LANGUAGE_STANDARD = gnu99;
				GCC_DYNAMIC_NO_PIC = NO;
				GCC_NO_COMMON_BLOCKS = YES;
				GCC_OPTIMIZATION_LEVEL = 0;
				GCC_PREPROCESSOR_DEFINITIONS = (
					"DEBUG=1",
					"$(inherited)",
				);
				GCC_WARN_64_TO_32_BIT_CONVERSION = YES;
				GCC_WARN_ABOUT_RETURN_TYPE = YES_ERROR;
				GCC_WARN_UNDECLARED_SELECTOR = YES;
				GCC_WARN_UNINITIALIZED_AUTOS = YES_AGGRESSIVE;
				GCC_WARN_UNUSED_FUNCTION = YES;
				GCC_WARN_UNUSED_VARIABLE = YES;
				MACOSX_DEPLOYMENT_TARGET = 10.10;
				MTL_ENABLE_DEBUG_INFO = YES;
				ONLY_ACTIVE_ARCH = YES;
				SDKROOT = macosx;
			};
			name = Debug;
		};
		70803CB51BB9C90700D5E79A /* Release */ = {
			isa = XCBuildConfiguration;
			buildSettings = {
				ALWAYS_SEARCH_USER_PATHS = NO;
				CLANG_CXX_LANGUAGE_STANDARD = "gnu++0x";
				CLANG_CXX_LIBRARY = "libc++";
				CLANG_ENABLE_MODULES = YES;
				CLANG_ENABLE_OBJC_ARC = YES;
				CLANG_WARN_BOOL_CONVERSION = YES;
				CLANG_WARN_CONSTANT_CONVERSION = YES;
				CLANG_WARN_DIRECT_OBJC_ISA_USAGE = YES_ERROR;
				CLANG_WARN_EMPTY_BODY = YES;
				CLANG_WARN_ENUM_CONVERSION = YES;
				CLANG_WARN_INT_CONVERSION = YES;
				CLANG_WARN_OBJC_ROOT_CLASS = YES_ERROR;
				CLANG_WARN_UNREACHABLE_CODE = YES;
				CLANG_WARN__DUPLICATE_METHOD_MATCH = YES;
				COPY_PHASE_STRIP = NO;
				DEBUG_INFORMATION_FORMAT = "dwarf-with-dsym";
				ENABLE_NS_ASSERTIONS = NO;
				ENABLE_STRICT_OBJC_MSGSEND = YES;
				GCC_C_LANGUAGE_STANDARD = gnu99;
				GCC_NO_COMMON_BLOCKS = YES;
				GCC_WARN_64_TO_32_BIT_CONVERSION = YES;
				GCC_WARN_ABOUT_RETURN_TYPE = YES_ERROR;
				GCC_WARN_UNDECLARED_SELECTOR = YES;
				GCC_WARN_UNINITIALIZED_AUTOS = YES_AGGRESSIVE;
				GCC_WARN_UNUSED_FUNCTION = YES;
				GCC_WARN_UNUSED_VARIABLE = YES;
				MACOSX_DEPLOYMENT_TARGET = 10.10;
				MTL_ENABLE_DEBUG_INFO = NO;
				SDKROOT = macosx;
			};
			name = Release;
		};
		70803CB71BB9C90700D5E79A /* Debug */ = {
			isa = XCBuildConfiguration;
			buildSettings = {
				PRODUCT_NAME = "$(TARGET_NAME)";
			};
			name = Debug;
		};
		70803CB81BB9C90700D5E79A /* Release */ = {
			isa = XCBuildConfiguration;
			buildSettings = {
				PRODUCT_NAME = "$(TARGET_NAME)";
			};
			name = Release;
		};
/* End XCBuildConfiguration section */

/* Begin XCConfigurationList section */
		70803CAA1BB9C90700D5E79A /* Build configuration list for PBXProject "program" */ = {
			isa = XCConfigurationList;
			buildConfigurations = (
				70803CB41BB9C90700D5E79A /* Debug */,
				70803CB51BB9C90700D5E79A /* Release */,
			);
			defaultConfigurationIsVisible = 0;
			defaultConfigurationName = Release;
		};
		70803CB61BB9C90700D5E79A /* Build configuration list for PBXNativeTarget "program" */ = {
			isa = XCConfigurationList;
			buildConfigurations = (
				70803CB71BB9C90700D5E79A /* Debug */,
				70803CB81BB9C90700D5E79A /* Release */,
			);
			defaultConfigurationIsVisible = 0;
			defaultConfigurationName = Release;
		};
/* End XCConfigurationList section */
	};
	rootObject = 70803CA71BB9C90700D5E79A /* Project object */;
}
